{
  "nodes": {
    "devenv": {
      "locked": {
        "dir": "src/modules",
        "lastModified": 1775566203,
        "narHash": "sha256-bBhX1xIB0rJ43xKZWzFaY1dQxOX6BcsdU4/+jpuaHcY=",
        "owner": "cachix",
        "repo": "devenv",
        "rev": "e82d5cbf38954a872c0547a0c141e8cc116d2b2a",
        "type": "github"
      },
      "original": {
        "dir": "src/modules",
        "owner": "cachix",
        "repo": "devenv",
        "type": "github"
      }
    },
    "nixpkgs": {
      "locked": {
        "lastModified": 1775549110,
        "narHash": "sha256-gCXSLBI1drlFwYlNqqPS9cFXvraaEGyLS8Sq45p7b/Q=",
        "owner": "NixOS",
        "repo": "nixpkgs",
        "rev": "a3db02183b5da6fbf728203492a5d1b9d109b7f9",
        "type": "github"
      },
      "original": {
        "owner": "NixOS",
        "ref": "nixpkgs-unstable",
        "repo": "nixpkgs",
        "type": "github"
      }
    },
    "root": {
      "inputs": {
        "devenv": "devenv",
        "nixpkgs": "nixpkgs"
      }
    }
  },
  "root": "root",
  "version": 7
}