{
  "requires": true,
  "lockfileVersion": 1,
  "dependencies": {
    "lodash.merge": {
      "version": "4.6.1",
      "resolved": "https://registry.npmjs.org/lodash.merge/-/lodash.merge-4.6.1.tgz",
      "integrity": "sha512-AOYza4+Hf5z1/0Hztxpm2/xiPZgi/cjMqdnKTUWTBSKchJlxXXuUSxCCl8rJlf4g6yww/j6mA8nC8Hw/EZWxKQ=="
    },
    "popper.js": {
      "version": "1.14.4",
      "resolved": "https://registry.npmjs.org/popper.js/-/popper.js-1.14.4.tgz",
      "integrity": "sha1-juwdj/AqWjoVLdQ0FKFce3n9abY="
    },
    "v-tooltip": {
      "version": "2.0.0-rc.33",
      "resolved": "https://registry.npmjs.org/v-tooltip/-/v-tooltip-2.0.0-rc.33.tgz",
      "integrity": "sha1-ePfY6cNCZWIr5lup3HjGfx3AK3M=",
      "requires": {
        "lodash.merge": "^4.6.0",
        "popper.js": "^1.12.9",
        "vue-resize": "^0.4.3"
      }
    },
    "vue-resize": {
      "version": "0.4.4",
      "resolved": "https://registry.npmjs.org/vue-resize/-/vue-resize-0.4.4.tgz",
      "integrity": "sha512-Lb/cnE2N9Y42ZJPw8wpjkpuX5a9ReerWNGcQRcbNCwfCnkHG6++FurNNmLIdU8dcCTH4c5rtTPdxBqFoRMK2cQ=="
    }
  }
}
