{
  "name": "shopware-acceptance-test-suite",
  "version": "1.0.0",
  "lockfileVersion": 3,
  "requires": true,
  "packages": {
    "": {
      "name": "shopware-acceptance-test-suite",
      "version": "1.0.0",
      "license": "ISC",
      "dependencies": {
        "@shopware/api-client": "^0.0.0-canary-20230823113412",
        "uuid": "^9.0.0"
      },
      "devDependencies": {
        "@playwright/test": "^1.36.2",
        "dotenv": "^16.3.1"
      }
    },
    "node_modules/@playwright/test": {
      "version": "1.36.2",
      "resolved": "https://registry.npmjs.org/@playwright/test/-/test-1.36.2.tgz",
      "integrity": "sha512-2rVZeyPRjxfPH6J0oGJqE8YxiM1IBRyM8hyrXYK7eSiAqmbNhxwcLa7dZ7fy9Kj26V7FYia5fh9XJRq4Dqme+g==",
      "dev": true,
      "dependencies": {
        "@types/node": "*",
        "playwright-core": "1.36.2"
      },
      "bin": {
        "playwright": "cli.js"
      },
      "engines": {
        "node": ">=16"
      },
      "optionalDependencies": {
        "fsevents": "2.3.2"
      }
    },
    "node_modules/@shopware/api-client": {
      "version": "0.0.0-canary-20230823113412",
      "resolved": "https://registry.npmjs.org/@shopware/api-client/-/api-client-0.0.0-canary-20230823113412.tgz",
      "integrity": "sha512-7pT8eLl2VIsiQJYDU0KV2ThzaFZPzHCP80/s0zSXD6R4NXHAKb20t/abBniDZBihKzR++rtcM5+KVt7ieFtE+A==",
      "dependencies": {
        "ofetch": "^1.1.1"
      }
    },
    "node_modules/@types/node": {
      "version": "20.4.5",
      "resolved": "https://registry.npmjs.org/@types/node/-/node-20.4.5.tgz",
      "integrity": "sha512-rt40Nk13II9JwQBdeYqmbn2Q6IVTA5uPhvSO+JVqdXw/6/4glI6oR9ezty/A9Hg5u7JH4OmYmuQ+XvjKm0Datg==",
      "dev": true
    },
    "node_modules/destr": {
      "version": "2.0.1",
      "resolved": "https://registry.npmjs.org/destr/-/destr-2.0.1.tgz",
      "integrity": "sha512-M1Ob1zPSIvlARiJUkKqvAZ3VAqQY6Jcuth/pBKQ2b1dX/Qx0OnJ8Vux6J2H5PTMQeRzWrrbTu70VxBfv/OPDJA=="
    },
    "node_modules/dotenv": {
      "version": "16.3.1",
      "resolved": "https://registry.npmjs.org/dotenv/-/dotenv-16.3.1.tgz",
      "integrity": "sha512-IPzF4w4/Rd94bA9imS68tZBaYyBWSCE47V1RGuMrB94iyTOIEwRmVL2x/4An+6mETpLrKJ5hQkB8W4kFAadeIQ==",
      "dev": true,
      "engines": {
        "node": ">=12"
      },
      "funding": {
        "url": "https://github.com/motdotla/dotenv?sponsor=1"
      }
    },
    "node_modules/fsevents": {
      "version": "2.3.2",
      "resolved": "https://registry.npmjs.org/fsevents/-/fsevents-2.3.2.tgz",
      "integrity": "sha512-xiqMQR4xAeHTuB9uWm+fFRcIOgKBMiOBP+eXiyT7jsgVCq1bkVygt00oASowB7EdtpOHaaPgKt812P9ab+DDKA==",
      "dev": true,
      "hasInstallScript": true,
      "optional": true,
      "os": [
        "darwin"
      ],
      "engines": {
        "node": "^8.16.0 || ^10.6.0 || >=11.0.0"
      }
    },
    "node_modules/node-fetch-native": {
      "version": "1.4.0",
      "resolved": "https://registry.npmjs.org/node-fetch-native/-/node-fetch-native-1.4.0.tgz",
      "integrity": "sha512-F5kfEj95kX8tkDhUCYdV8dg3/8Olx/94zB8+ZNthFs6Bz31UpUi8Xh40TN3thLwXgrwXry1pEg9lJ++tLWTcqA=="
    },
    "node_modules/ofetch": {
      "version": "1.2.1",
      "resolved": "https://registry.npmjs.org/ofetch/-/ofetch-1.2.1.tgz",
      "integrity": "sha512-WEX1TEfGuAFJhzRW6Qv9RcxCyek+YogEeXlCWl1XoqBSW2fc6jU4LTk3VotwC1YfXv8Uz06LSofU6uW/ZIT+6g==",
      "dependencies": {
        "destr": "^2.0.1",
        "node-fetch-native": "^1.3.2",
        "ufo": "^1.2.0"
      }
    },
    "node_modules/playwright-core": {
      "version": "1.36.2",
      "resolved": "https://registry.npmjs.org/playwright-core/-/playwright-core-1.36.2.tgz",
      "integrity": "sha512-sQYZt31dwkqxOrP7xy2ggDfEzUxM1lodjhsQ3NMMv5uGTRDsLxU0e4xf4wwMkF2gplIxf17QMBCodSFgm6bFVQ==",
      "dev": true,
      "bin": {
        "playwright-core": "cli.js"
      },
      "engines": {
        "node": ">=16"
      }
    },
    "node_modules/ufo": {
      "version": "1.2.0",
      "resolved": "https://registry.npmjs.org/ufo/-/ufo-1.2.0.tgz",
      "integrity": "sha512-RsPyTbqORDNDxqAdQPQBpgqhWle1VcTSou/FraClYlHf6TZnQcGslpLcAphNR+sQW4q5lLWLbOsRlh9j24baQg=="
    },
    "node_modules/uuid": {
      "version": "9.0.0",
      "resolved": "https://registry.npmjs.org/uuid/-/uuid-9.0.0.tgz",
      "integrity": "sha512-MXcSTerfPa4uqyzStbRoTgt5XIe3x5+42+q1sDuy3R5MDk66URdLMOZe5aPX/SQd+kuYAh0FdP/pO28IkQyTeg==",
      "bin": {
        "uuid": "dist/bin/uuid"
      }
    }
  }
}
