{
  "name": "administration",
  "version": "1.0.0",
  "lockfileVersion": 2,
  "requires": true,
  "packages": {
    "": {
      "name": "administration",
      "version": "1.0.0",
      "license": "MIT",
      "dependencies": {
        "@shopware-ag/meteor-admin-sdk": "^4.0.0",
        "@shopware-ag/meteor-component-library": "2.1.1",
        "regenerator-runtime": "^0.13.9",
        "vue": "2.7.14",
        "vue-i18n": "^8.26.8",
        "vue-router": "^3.5.3"
      },
      "devDependencies": {
        "typescript": "^4.5.4"
      }
    },
    "node_modules/@babel/parser": {
      "version": "7.22.5",
      "resolved": "https://registry.npmjs.org/@babel/parser/-/parser-7.22.5.tgz",
      "integrity": "sha512-DFZMC9LJUG9PLOclRC32G63UXwzqS2koQC8dkx+PLdmt1xSePYpbT/NbsrJy8Q/muXz7o/h/d4A7Fuyixm559Q==",
      "bin": {
        "parser": "bin/babel-parser.js"
      },
      "engines": {
        "node": ">=6.0.0"
      }
    },
    "node_modules/@shopware-ag/meteor-admin-sdk": {
      "version": "4.0.0",
      "resolved": "https://registry.npmjs.org/@shopware-ag/meteor-admin-sdk/-/meteor-admin-sdk-4.0.0.tgz",
      "integrity": "sha512-dNBpB4IuYUXRpAaAcipmxamDgFEoAMhbU4UMpn5fmoJZyVI0thzG5ieT3FntswvNSauOKqQ7Hg4raw1PMUYGGQ==",
      "dependencies": {
        "localforage": "^1.10.0",
        "lodash": "^4.17.21"
      }
    },
    "node_modules/@shopware-ag/meteor-component-library": {
      "version": "2.1.1",
      "resolved": "https://registry.npmjs.org/@shopware-ag/meteor-component-library/-/meteor-component-library-2.1.1.tgz",
      "integrity": "sha512-tJqyVVFKsRG9aAwnw15psTwrv0yB9d8tggMWROT9ROEFk0adcl3q6m5qcMdI6K+44QoHI/sB5D3xQmPXowPm1g==",
      "dependencies": {
        "@shopware-ag/meteor-icon-kit": "^4.1.0",
        "ace-builds": "^1.4.13",
        "apexcharts": "^3.33.0",
        "date-fns": "2.23.0",
        "date-fns-tz": "1.1.6",
        "flatpickr": "4.6.3",
        "inter-ui": "^3.19.3",
        "lodash-es": "^4.17.21",
        "punycode": "^2.1.1"
      }
    },
    "node_modules/@shopware-ag/meteor-icon-kit": {
      "version": "4.3.0",
      "resolved": "https://registry.npmjs.org/@shopware-ag/meteor-icon-kit/-/meteor-icon-kit-4.3.0.tgz",
      "integrity": "sha512-asG2HklaK5wMf3OFkc9Ru3VINVtQcn8+BSdXVVkS+u8jZBUGZJ8y3/H2X8ZI20X7EP/jfjDAVB9h7F7V5NPtJA==",
      "dependencies": {
        "js-md5": "^0.7.3"
      }
    },
    "node_modules/@vue/compiler-sfc": {
      "version": "2.7.14",
      "resolved": "https://registry.npmjs.org/@vue/compiler-sfc/-/compiler-sfc-2.7.14.tgz",
      "integrity": "sha512-aNmNHyLPsw+sVvlQFQ2/8sjNuLtK54TC6cuKnVzAY93ks4ZBrvwQSnkkIh7bsbNhum5hJBS00wSDipQ937f5DA==",
      "dependencies": {
        "@babel/parser": "^7.18.4",
        "postcss": "^8.4.14",
        "source-map": "^0.6.1"
      }
    },
    "node_modules/ace-builds": {
      "version": "1.9.3",
      "resolved": "https://registry.npmjs.org/ace-builds/-/ace-builds-1.9.3.tgz",
      "integrity": "sha512-dpKkTdXYBbP99EUperoIzvRb0MCxqWbLIvz8dhg+APCVikO53JJuyZ+YDlAwxWa78ULkie/M6njOYrH0vjP6+A=="
    },
    "node_modules/apexcharts": {
      "version": "3.35.4",
      "resolved": "https://registry.npmjs.org/apexcharts/-/apexcharts-3.35.4.tgz",
      "integrity": "sha512-dsXjETHF2OmKtxNv66wBeFGU2qtZQnr6kp/vcNY05GWs4vcBepg54qNgOJ2Gp/gXskiGw/frrmIKGi8lJ/UDnQ==",
      "dependencies": {
        "svg.draggable.js": "^2.2.2",
        "svg.easing.js": "^2.0.0",
        "svg.filter.js": "^2.0.2",
        "svg.pathmorphing.js": "^0.1.3",
        "svg.resize.js": "^1.4.3",
        "svg.select.js": "^3.0.1"
      }
    },
    "node_modules/csstype": {
      "version": "3.1.2",
      "resolved": "https://registry.npmjs.org/csstype/-/csstype-3.1.2.tgz",
      "integrity": "sha512-I7K1Uu0MBPzaFKg4nI5Q7Vs2t+3gWWW648spaF+Rg7pI9ds18Ugn+lvg4SHczUdKlHI5LWBXyqfS8+DufyBsgQ=="
    },
    "node_modules/date-fns": {
      "version": "2.23.0",
      "resolved": "https://registry.npmjs.org/date-fns/-/date-fns-2.23.0.tgz",
      "integrity": "sha512-5ycpauovVyAk0kXNZz6ZoB9AYMZB4DObse7P3BPWmyEjXNORTI8EJ6X0uaSAq4sCHzM1uajzrkr6HnsLQpxGXA==",
      "engines": {
        "node": ">=0.11"
      },
      "funding": {
        "type": "opencollective",
        "url": "https://opencollective.com/date-fns"
      }
    },
    "node_modules/date-fns-tz": {
      "version": "1.1.6",
      "resolved": "https://registry.npmjs.org/date-fns-tz/-/date-fns-tz-1.1.6.tgz",
      "integrity": "sha512-nyy+URfFI3KUY7udEJozcoftju+KduaqkVfwyTIE0traBiVye09QnyWKLZK7drRr5h9B7sPJITmQnS3U6YOdQg==",
      "peerDependencies": {
        "date-fns": ">=2.0.0-alpha.13"
      }
    },
    "node_modules/flatpickr": {
      "version": "4.6.3",
      "resolved": "https://registry.npmjs.org/flatpickr/-/flatpickr-4.6.3.tgz",
      "integrity": "sha512-007VucCkqNOMMb9ggRLNuJowwaJcyOh4sKAFcdGfahfGc7JQbf94zSzjdBq/wVyHWUEs5o3+idhFZ0wbZMRmVQ=="
    },
    "node_modules/immediate": {
      "version": "3.0.6",
      "resolved": "https://registry.npmjs.org/immediate/-/immediate-3.0.6.tgz",
      "integrity": "sha512-XXOFtyqDjNDAQxVfYxuF7g9Il/IbWmmlQg2MYKOH8ExIT1qg6xc4zyS3HaEEATgs1btfzxq15ciUiY7gjSXRGQ=="
    },
    "node_modules/inter-ui": {
      "version": "3.19.3",
      "resolved": "https://registry.npmjs.org/inter-ui/-/inter-ui-3.19.3.tgz",
      "integrity": "sha512-5FG9fjuYOXocIfjzcCBhICL5cpvwEetseL3FU6tP3d6Bn7g8wODhB+I9RNGRTizCT7CUG4GOK54OPxqq3msQgg=="
    },
    "node_modules/js-md5": {
      "version": "0.7.3",
      "resolved": "https://registry.npmjs.org/js-md5/-/js-md5-0.7.3.tgz",
      "integrity": "sha512-ZC41vPSTLKGwIRjqDh8DfXoCrdQIyBgspJVPXHBGu4nZlAEvG3nf+jO9avM9RmLiGakg7vz974ms99nEV0tmTQ=="
    },
    "node_modules/lie": {
      "version": "3.1.1",
      "resolved": "https://registry.npmjs.org/lie/-/lie-3.1.1.tgz",
      "integrity": "sha512-RiNhHysUjhrDQntfYSfY4MU24coXXdEOgw9WGcKHNeEwffDYbF//u87M1EWaMGzuFoSbqW0C9C6lEEhDOAswfw==",
      "dependencies": {
        "immediate": "~3.0.5"
      }
    },
    "node_modules/localforage": {
      "version": "1.10.0",
      "resolved": "https://registry.npmjs.org/localforage/-/localforage-1.10.0.tgz",
      "integrity": "sha512-14/H1aX7hzBBmmh7sGPd+AOMkkIrHM3Z1PAyGgZigA1H1p5O5ANnMyWzvpAETtG68/dC4pC0ncy3+PPGzXZHPg==",
      "dependencies": {
        "lie": "3.1.1"
      }
    },
    "node_modules/lodash": {
      "version": "4.17.21",
      "resolved": "https://registry.npmjs.org/lodash/-/lodash-4.17.21.tgz",
      "integrity": "sha512-v2kDEe57lecTulaDIuNTPy3Ry4gLGJ6Z1O3vE1krgXZNrsQ+LFTGHVxVjcXPs17LhbZVGedAJv8XZ1tvj5FvSg=="
    },
    "node_modules/lodash-es": {
      "version": "4.17.21",
      "resolved": "https://registry.npmjs.org/lodash-es/-/lodash-es-4.17.21.tgz",
      "integrity": "sha512-mKnC+QJ9pWVzv+C4/U3rRsHapFfHvQFoFB92e52xeyGMcX6/OlIl78je1u8vePzYZSkkogMPJ2yjxxsb89cxyw=="
    },
    "node_modules/nanoid": {
      "version": "3.3.6",
      "resolved": "https://registry.npmjs.org/nanoid/-/nanoid-3.3.6.tgz",
      "integrity": "sha512-BGcqMMJuToF7i1rt+2PWSNVnWIkGCU78jBG3RxO/bZlnZPK2Cmi2QaffxGO/2RvWi9sL+FAiRiXMgsyxQ1DIDA==",
      "funding": [
        {
          "type": "github",
          "url": "https://github.com/sponsors/ai"
        }
      ],
      "bin": {
        "nanoid": "bin/nanoid.cjs"
      },
      "engines": {
        "node": "^10 || ^12 || ^13.7 || ^14 || >=15.0.1"
      }
    },
    "node_modules/picocolors": {
      "version": "1.0.0",
      "resolved": "https://registry.npmjs.org/picocolors/-/picocolors-1.0.0.tgz",
      "integrity": "sha512-1fygroTLlHu66zi26VoTDv8yRgm0Fccecssto+MhsZ0D/DGW2sm8E8AjW7NU5VVTRt5GxbeZ5qBuJr+HyLYkjQ=="
    },
    "node_modules/postcss": {
      "version": "8.4.24",
      "resolved": "https://registry.npmjs.org/postcss/-/postcss-8.4.24.tgz",
      "integrity": "sha512-M0RzbcI0sO/XJNucsGjvWU9ERWxb/ytp1w6dKtxTKgixdtQDq4rmx/g8W1hnaheq9jgwL/oyEdH5Bc4WwJKMqg==",
      "funding": [
        {
          "type": "opencollective",
          "url": "https://opencollective.com/postcss/"
        },
        {
          "type": "tidelift",
          "url": "https://tidelift.com/funding/github/npm/postcss"
        },
        {
          "type": "github",
          "url": "https://github.com/sponsors/ai"
        }
      ],
      "dependencies": {
        "nanoid": "^3.3.6",
        "picocolors": "^1.0.0",
        "source-map-js": "^1.0.2"
      },
      "engines": {
        "node": "^10 || ^12 || >=14"
      }
    },
    "node_modules/punycode": {
      "version": "2.1.1",
      "resolved": "https://registry.npmjs.org/punycode/-/punycode-2.1.1.tgz",
      "integrity": "sha512-XRsRjdf+j5ml+y/6GKHPZbrF/8p2Yga0JPtdqTIY2Xe5ohJPD9saDJJLPvp9+NSBprVvevdXZybnj2cv8OEd0A==",
      "engines": {
        "node": ">=6"
      }
    },
    "node_modules/regenerator-runtime": {
      "version": "0.13.9",
      "resolved": "https://registry.npmjs.org/regenerator-runtime/-/regenerator-runtime-0.13.9.tgz",
      "integrity": "sha512-p3VT+cOEgxFsRRA9X4lkI1E+k2/CtnKtU4gcxyaCUreilL/vqI6CdZ3wxVUx3UOUg+gnUOQQcRI7BmSI656MYA=="
    },
    "node_modules/source-map": {
      "version": "0.6.1",
      "resolved": "https://registry.npmjs.org/source-map/-/source-map-0.6.1.tgz",
      "integrity": "sha512-UjgapumWlbMhkBgzT7Ykc5YXUT46F0iKu8SGXq0bcwP5dz/h0Plj6enJqjz1Zbq2l5WaqYnrVbwWOWMyF3F47g==",
      "engines": {
        "node": ">=0.10.0"
      }
    },
    "node_modules/source-map-js": {
      "version": "1.0.2",
      "resolved": "https://registry.npmjs.org/source-map-js/-/source-map-js-1.0.2.tgz",
      "integrity": "sha512-R0XvVJ9WusLiqTCEiGCmICCMplcCkIwwR11mOSD9CR5u+IXYdiseeEuXCVAjS54zqwkLcPNnmU4OeJ6tUrWhDw==",
      "engines": {
        "node": ">=0.10.0"
      }
    },
    "node_modules/svg.draggable.js": {
      "version": "2.2.2",
      "resolved": "https://registry.npmjs.org/svg.draggable.js/-/svg.draggable.js-2.2.2.tgz",
      "integrity": "sha512-JzNHBc2fLQMzYCZ90KZHN2ohXL0BQJGQimK1kGk6AvSeibuKcIdDX9Kr0dT9+UJ5O8nYA0RB839Lhvk4CY4MZw==",
      "dependencies": {
        "svg.js": "^2.0.1"
      },
      "engines": {
        "node": ">= 0.8.0"
      }
    },
    "node_modules/svg.easing.js": {
      "version": "2.0.0",
      "resolved": "https://registry.npmjs.org/svg.easing.js/-/svg.easing.js-2.0.0.tgz",
      "integrity": "sha512-//ctPdJMGy22YoYGV+3HEfHbm6/69LJUTAqI2/5qBvaNHZ9uUFVC82B0Pl299HzgH13rKrBgi4+XyXXyVWWthA==",
      "dependencies": {
        "svg.js": ">=2.3.x"
      },
      "engines": {
        "node": ">= 0.8.0"
      }
    },
    "node_modules/svg.filter.js": {
      "version": "2.0.2",
      "resolved": "https://registry.npmjs.org/svg.filter.js/-/svg.filter.js-2.0.2.tgz",
      "integrity": "sha512-xkGBwU+dKBzqg5PtilaTb0EYPqPfJ9Q6saVldX+5vCRy31P6TlRCP3U9NxH3HEufkKkpNgdTLBJnmhDHeTqAkw==",
      "dependencies": {
        "svg.js": "^2.2.5"
      },
      "engines": {
        "node": ">= 0.8.0"
      }
    },
    "node_modules/svg.js": {
      "version": "2.7.1",
      "resolved": "https://registry.npmjs.org/svg.js/-/svg.js-2.7.1.tgz",
      "integrity": "sha512-ycbxpizEQktk3FYvn/8BH+6/EuWXg7ZpQREJvgacqn46gIddG24tNNe4Son6omdXCnSOaApnpZw6MPCBA1dODA=="
    },
    "node_modules/svg.pathmorphing.js": {
      "version": "0.1.3",
      "resolved": "https://registry.npmjs.org/svg.pathmorphing.js/-/svg.pathmorphing.js-0.1.3.tgz",
      "integrity": "sha512-49HWI9X4XQR/JG1qXkSDV8xViuTLIWm/B/7YuQELV5KMOPtXjiwH4XPJvr/ghEDibmLQ9Oc22dpWpG0vUDDNww==",
      "dependencies": {
        "svg.js": "^2.4.0"
      },
      "engines": {
        "node": ">= 0.8.0"
      }
    },
    "node_modules/svg.resize.js": {
      "version": "1.4.3",
      "resolved": "https://registry.npmjs.org/svg.resize.js/-/svg.resize.js-1.4.3.tgz",
      "integrity": "sha512-9k5sXJuPKp+mVzXNvxz7U0uC9oVMQrrf7cFsETznzUDDm0x8+77dtZkWdMfRlmbkEEYvUn9btKuZ3n41oNA+uw==",
      "dependencies": {
        "svg.js": "^2.6.5",
        "svg.select.js": "^2.1.2"
      },
      "engines": {
        "node": ">= 0.8.0"
      }
    },
    "node_modules/svg.resize.js/node_modules/svg.select.js": {
      "version": "2.1.2",
      "resolved": "https://registry.npmjs.org/svg.select.js/-/svg.select.js-2.1.2.tgz",
      "integrity": "sha512-tH6ABEyJsAOVAhwcCjF8mw4crjXSI1aa7j2VQR8ZuJ37H2MBUbyeqYr5nEO7sSN3cy9AR9DUwNg0t/962HlDbQ==",
      "dependencies": {
        "svg.js": "^2.2.5"
      },
      "engines": {
        "node": ">= 0.8.0"
      }
    },
    "node_modules/svg.select.js": {
      "version": "3.0.1",
      "resolved": "https://registry.npmjs.org/svg.select.js/-/svg.select.js-3.0.1.tgz",
      "integrity": "sha512-h5IS/hKkuVCbKSieR9uQCj9w+zLHoPh+ce19bBYyqF53g6mnPB8sAtIbe1s9dh2S2fCmYX2xel1Ln3PJBbK4kw==",
      "dependencies": {
        "svg.js": "^2.6.5"
      },
      "engines": {
        "node": ">= 0.8.0"
      }
    },
    "node_modules/typescript": {
      "version": "4.6.3",
      "resolved": "https://registry.npmjs.org/typescript/-/typescript-4.6.3.tgz",
      "integrity": "sha512-yNIatDa5iaofVozS/uQJEl3JRWLKKGJKh6Yaiv0GLGSuhpFJe7P3SbHZ8/yjAHRQwKRoA6YZqlfjXWmVzoVSMw==",
      "dev": true,
      "bin": {
        "tsc": "bin/tsc",
        "tsserver": "bin/tsserver"
      },
      "engines": {
        "node": ">=4.2.0"
      }
    },
    "node_modules/vue": {
      "version": "2.7.14",
      "resolved": "https://registry.npmjs.org/vue/-/vue-2.7.14.tgz",
      "integrity": "sha512-b2qkFyOM0kwqWFuQmgd4o+uHGU7T+2z3T+WQp8UBjADfEv2n4FEMffzBmCKNP0IGzOEEfYjvtcC62xaSKeQDrQ==",
      "dependencies": {
        "@vue/compiler-sfc": "2.7.14",
        "csstype": "^3.1.0"
      }
    },
    "node_modules/vue-i18n": {
      "version": "8.26.8",
      "resolved": "https://registry.npmjs.org/vue-i18n/-/vue-i18n-8.26.8.tgz",
      "integrity": "sha512-BN2OXolO15AKS95yNF8oOtARibaO6RxyKkAYNV4XpOmL7S4eVZYMIDtyvDv+XGZaiUmBJSH9mdNqzexvGMnK2A=="
    },
    "node_modules/vue-router": {
      "version": "3.5.3",
      "resolved": "https://registry.npmjs.org/vue-router/-/vue-router-3.5.3.tgz",
      "integrity": "sha512-FUlILrW3DGitS2h+Xaw8aRNvGTwtuaxrRkNSHWTizOfLUie7wuYwezeZ50iflRn8YPV5kxmU2LQuu3nM/b3Zsg=="
    }
  },
  "dependencies": {
    "@babel/parser": {
      "version": "7.22.5",
      "resolved": "https://registry.npmjs.org/@babel/parser/-/parser-7.22.5.tgz",
      "integrity": "sha512-DFZMC9LJUG9PLOclRC32G63UXwzqS2koQC8dkx+PLdmt1xSePYpbT/NbsrJy8Q/muXz7o/h/d4A7Fuyixm559Q=="
    },
    "@shopware-ag/meteor-admin-sdk": {
      "version": "4.0.0",
      "resolved": "https://registry.npmjs.org/@shopware-ag/meteor-admin-sdk/-/meteor-admin-sdk-4.0.0.tgz",
      "integrity": "sha512-dNBpB4IuYUXRpAaAcipmxamDgFEoAMhbU4UMpn5fmoJZyVI0thzG5ieT3FntswvNSauOKqQ7Hg4raw1PMUYGGQ==",
      "requires": {
        "localforage": "^1.10.0",
        "lodash": "^4.17.21"
      }
    },
    "@shopware-ag/meteor-component-library": {
      "version": "2.1.1",
      "resolved": "https://registry.npmjs.org/@shopware-ag/meteor-component-library/-/meteor-component-library-2.1.1.tgz",
      "integrity": "sha512-tJqyVVFKsRG9aAwnw15psTwrv0yB9d8tggMWROT9ROEFk0adcl3q6m5qcMdI6K+44QoHI/sB5D3xQmPXowPm1g==",
      "requires": {
        "@shopware-ag/meteor-icon-kit": "^4.1.0",
        "ace-builds": "^1.4.13",
        "apexcharts": "^3.33.0",
        "date-fns": "2.23.0",
        "date-fns-tz": "1.1.6",
        "flatpickr": "4.6.3",
        "inter-ui": "^3.19.3",
        "lodash-es": "^4.17.21",
        "punycode": "^2.1.1"
      }
    },
    "@shopware-ag/meteor-icon-kit": {
      "version": "4.3.0",
      "resolved": "https://registry.npmjs.org/@shopware-ag/meteor-icon-kit/-/meteor-icon-kit-4.3.0.tgz",
      "integrity": "sha512-asG2HklaK5wMf3OFkc9Ru3VINVtQcn8+BSdXVVkS+u8jZBUGZJ8y3/H2X8ZI20X7EP/jfjDAVB9h7F7V5NPtJA==",
      "requires": {
        "js-md5": "^0.7.3"
      }
    },
    "@vue/compiler-sfc": {
      "version": "2.7.14",
      "resolved": "https://registry.npmjs.org/@vue/compiler-sfc/-/compiler-sfc-2.7.14.tgz",
      "integrity": "sha512-aNmNHyLPsw+sVvlQFQ2/8sjNuLtK54TC6cuKnVzAY93ks4ZBrvwQSnkkIh7bsbNhum5hJBS00wSDipQ937f5DA==",
      "requires": {
        "@babel/parser": "^7.18.4",
        "postcss": "^8.4.14",
        "source-map": "^0.6.1"
      }
    },
    "ace-builds": {
      "version": "1.9.3",
      "resolved": "https://registry.npmjs.org/ace-builds/-/ace-builds-1.9.3.tgz",
      "integrity": "sha512-dpKkTdXYBbP99EUperoIzvRb0MCxqWbLIvz8dhg+APCVikO53JJuyZ+YDlAwxWa78ULkie/M6njOYrH0vjP6+A=="
    },
    "apexcharts": {
      "version": "3.35.4",
      "resolved": "https://registry.npmjs.org/apexcharts/-/apexcharts-3.35.4.tgz",
      "integrity": "sha512-dsXjETHF2OmKtxNv66wBeFGU2qtZQnr6kp/vcNY05GWs4vcBepg54qNgOJ2Gp/gXskiGw/frrmIKGi8lJ/UDnQ==",
      "requires": {
        "svg.draggable.js": "^2.2.2",
        "svg.easing.js": "^2.0.0",
        "svg.filter.js": "^2.0.2",
        "svg.pathmorphing.js": "^0.1.3",
        "svg.resize.js": "^1.4.3",
        "svg.select.js": "^3.0.1"
      }
    },
    "csstype": {
      "version": "3.1.2",
      "resolved": "https://registry.npmjs.org/csstype/-/csstype-3.1.2.tgz",
      "integrity": "sha512-I7K1Uu0MBPzaFKg4nI5Q7Vs2t+3gWWW648spaF+Rg7pI9ds18Ugn+lvg4SHczUdKlHI5LWBXyqfS8+DufyBsgQ=="
    },
    "date-fns": {
      "version": "2.23.0",
      "resolved": "https://registry.npmjs.org/date-fns/-/date-fns-2.23.0.tgz",
      "integrity": "sha512-5ycpauovVyAk0kXNZz6ZoB9AYMZB4DObse7P3BPWmyEjXNORTI8EJ6X0uaSAq4sCHzM1uajzrkr6HnsLQpxGXA=="
    },
    "date-fns-tz": {
      "version": "1.1.6",
      "resolved": "https://registry.npmjs.org/date-fns-tz/-/date-fns-tz-1.1.6.tgz",
      "integrity": "sha512-nyy+URfFI3KUY7udEJozcoftju+KduaqkVfwyTIE0traBiVye09QnyWKLZK7drRr5h9B7sPJITmQnS3U6YOdQg==",
      "requires": {}
    },
    "flatpickr": {
      "version": "4.6.3",
      "resolved": "https://registry.npmjs.org/flatpickr/-/flatpickr-4.6.3.tgz",
      "integrity": "sha512-007VucCkqNOMMb9ggRLNuJowwaJcyOh4sKAFcdGfahfGc7JQbf94zSzjdBq/wVyHWUEs5o3+idhFZ0wbZMRmVQ=="
    },
    "immediate": {
      "version": "3.0.6",
      "resolved": "https://registry.npmjs.org/immediate/-/immediate-3.0.6.tgz",
      "integrity": "sha512-XXOFtyqDjNDAQxVfYxuF7g9Il/IbWmmlQg2MYKOH8ExIT1qg6xc4zyS3HaEEATgs1btfzxq15ciUiY7gjSXRGQ=="
    },
    "inter-ui": {
      "version": "3.19.3",
      "resolved": "https://registry.npmjs.org/inter-ui/-/inter-ui-3.19.3.tgz",
      "integrity": "sha512-5FG9fjuYOXocIfjzcCBhICL5cpvwEetseL3FU6tP3d6Bn7g8wODhB+I9RNGRTizCT7CUG4GOK54OPxqq3msQgg=="
    },
    "js-md5": {
      "version": "0.7.3",
      "resolved": "https://registry.npmjs.org/js-md5/-/js-md5-0.7.3.tgz",
      "integrity": "sha512-ZC41vPSTLKGwIRjqDh8DfXoCrdQIyBgspJVPXHBGu4nZlAEvG3nf+jO9avM9RmLiGakg7vz974ms99nEV0tmTQ=="
    },
    "lie": {
      "version": "3.1.1",
      "resolved": "https://registry.npmjs.org/lie/-/lie-3.1.1.tgz",
      "integrity": "sha512-RiNhHysUjhrDQntfYSfY4MU24coXXdEOgw9WGcKHNeEwffDYbF//u87M1EWaMGzuFoSbqW0C9C6lEEhDOAswfw==",
      "requires": {
        "immediate": "~3.0.5"
      }
    },
    "localforage": {
      "version": "1.10.0",
      "resolved": "https://registry.npmjs.org/localforage/-/localforage-1.10.0.tgz",
      "integrity": "sha512-14/H1aX7hzBBmmh7sGPd+AOMkkIrHM3Z1PAyGgZigA1H1p5O5ANnMyWzvpAETtG68/dC4pC0ncy3+PPGzXZHPg==",
      "requires": {
        "lie": "3.1.1"
      }
    },
    "lodash": {
      "version": "4.17.21",
      "resolved": "https://registry.npmjs.org/lodash/-/lodash-4.17.21.tgz",
      "integrity": "sha512-v2kDEe57lecTulaDIuNTPy3Ry4gLGJ6Z1O3vE1krgXZNrsQ+LFTGHVxVjcXPs17LhbZVGedAJv8XZ1tvj5FvSg=="
    },
    "lodash-es": {
      "version": "4.17.21",
      "resolved": "https://registry.npmjs.org/lodash-es/-/lodash-es-4.17.21.tgz",
      "integrity": "sha512-mKnC+QJ9pWVzv+C4/U3rRsHapFfHvQFoFB92e52xeyGMcX6/OlIl78je1u8vePzYZSkkogMPJ2yjxxsb89cxyw=="
    },
    "nanoid": {
      "version": "3.3.6",
      "resolved": "https://registry.npmjs.org/nanoid/-/nanoid-3.3.6.tgz",
      "integrity": "sha512-BGcqMMJuToF7i1rt+2PWSNVnWIkGCU78jBG3RxO/bZlnZPK2Cmi2QaffxGO/2RvWi9sL+FAiRiXMgsyxQ1DIDA=="
    },
    "picocolors": {
      "version": "1.0.0",
      "resolved": "https://registry.npmjs.org/picocolors/-/picocolors-1.0.0.tgz",
      "integrity": "sha512-1fygroTLlHu66zi26VoTDv8yRgm0Fccecssto+MhsZ0D/DGW2sm8E8AjW7NU5VVTRt5GxbeZ5qBuJr+HyLYkjQ=="
    },
    "postcss": {
      "version": "8.4.24",
      "resolved": "https://registry.npmjs.org/postcss/-/postcss-8.4.24.tgz",
      "integrity": "sha512-M0RzbcI0sO/XJNucsGjvWU9ERWxb/ytp1w6dKtxTKgixdtQDq4rmx/g8W1hnaheq9jgwL/oyEdH5Bc4WwJKMqg==",
      "requires": {
        "nanoid": "^3.3.6",
        "picocolors": "^1.0.0",
        "source-map-js": "^1.0.2"
      }
    },
    "punycode": {
      "version": "2.1.1",
      "resolved": "https://registry.npmjs.org/punycode/-/punycode-2.1.1.tgz",
      "integrity": "sha512-XRsRjdf+j5ml+y/6GKHPZbrF/8p2Yga0JPtdqTIY2Xe5ohJPD9saDJJLPvp9+NSBprVvevdXZybnj2cv8OEd0A=="
    },
    "regenerator-runtime": {
      "version": "0.13.9",
      "resolved": "https://registry.npmjs.org/regenerator-runtime/-/regenerator-runtime-0.13.9.tgz",
      "integrity": "sha512-p3VT+cOEgxFsRRA9X4lkI1E+k2/CtnKtU4gcxyaCUreilL/vqI6CdZ3wxVUx3UOUg+gnUOQQcRI7BmSI656MYA=="
    },
    "source-map": {
      "version": "0.6.1",
      "resolved": "https://registry.npmjs.org/source-map/-/source-map-0.6.1.tgz",
      "integrity": "sha512-UjgapumWlbMhkBgzT7Ykc5YXUT46F0iKu8SGXq0bcwP5dz/h0Plj6enJqjz1Zbq2l5WaqYnrVbwWOWMyF3F47g=="
    },
    "source-map-js": {
      "version": "1.0.2",
      "resolved": "https://registry.npmjs.org/source-map-js/-/source-map-js-1.0.2.tgz",
      "integrity": "sha512-R0XvVJ9WusLiqTCEiGCmICCMplcCkIwwR11mOSD9CR5u+IXYdiseeEuXCVAjS54zqwkLcPNnmU4OeJ6tUrWhDw=="
    },
    "svg.draggable.js": {
      "version": "2.2.2",
      "resolved": "https://registry.npmjs.org/svg.draggable.js/-/svg.draggable.js-2.2.2.tgz",
      "integrity": "sha512-JzNHBc2fLQMzYCZ90KZHN2ohXL0BQJGQimK1kGk6AvSeibuKcIdDX9Kr0dT9+UJ5O8nYA0RB839Lhvk4CY4MZw==",
      "requires": {
        "svg.js": "^2.0.1"
      }
    },
    "svg.easing.js": {
      "version": "2.0.0",
      "resolved": "https://registry.npmjs.org/svg.easing.js/-/svg.easing.js-2.0.0.tgz",
      "integrity": "sha512-//ctPdJMGy22YoYGV+3HEfHbm6/69LJUTAqI2/5qBvaNHZ9uUFVC82B0Pl299HzgH13rKrBgi4+XyXXyVWWthA==",
      "requires": {
        "svg.js": ">=2.3.x"
      }
    },
    "svg.filter.js": {
      "version": "2.0.2",
      "resolved": "https://registry.npmjs.org/svg.filter.js/-/svg.filter.js-2.0.2.tgz",
      "integrity": "sha512-xkGBwU+dKBzqg5PtilaTb0EYPqPfJ9Q6saVldX+5vCRy31P6TlRCP3U9NxH3HEufkKkpNgdTLBJnmhDHeTqAkw==",
      "requires": {
        "svg.js": "^2.2.5"
      }
    },
    "svg.js": {
      "version": "2.7.1",
      "resolved": "https://registry.npmjs.org/svg.js/-/svg.js-2.7.1.tgz",
      "integrity": "sha512-ycbxpizEQktk3FYvn/8BH+6/EuWXg7ZpQREJvgacqn46gIddG24tNNe4Son6omdXCnSOaApnpZw6MPCBA1dODA=="
    },
    "svg.pathmorphing.js": {
      "version": "0.1.3",
      "resolved": "https://registry.npmjs.org/svg.pathmorphing.js/-/svg.pathmorphing.js-0.1.3.tgz",
      "integrity": "sha512-49HWI9X4XQR/JG1qXkSDV8xViuTLIWm/B/7YuQELV5KMOPtXjiwH4XPJvr/ghEDibmLQ9Oc22dpWpG0vUDDNww==",
      "requires": {
        "svg.js": "^2.4.0"
      }
    },
    "svg.resize.js": {
      "version": "1.4.3",
      "resolved": "https://registry.npmjs.org/svg.resize.js/-/svg.resize.js-1.4.3.tgz",
      "integrity": "sha512-9k5sXJuPKp+mVzXNvxz7U0uC9oVMQrrf7cFsETznzUDDm0x8+77dtZkWdMfRlmbkEEYvUn9btKuZ3n41oNA+uw==",
      "requires": {
        "svg.js": "^2.6.5",
        "svg.select.js": "^2.1.2"
      },
      "dependencies": {
        "svg.select.js": {
          "version": "2.1.2",
          "resolved": "https://registry.npmjs.org/svg.select.js/-/svg.select.js-2.1.2.tgz",
          "integrity": "sha512-tH6ABEyJsAOVAhwcCjF8mw4crjXSI1aa7j2VQR8ZuJ37H2MBUbyeqYr5nEO7sSN3cy9AR9DUwNg0t/962HlDbQ==",
          "requires": {
            "svg.js": "^2.2.5"
          }
        }
      }
    },
    "svg.select.js": {
      "version": "3.0.1",
      "resolved": "https://registry.npmjs.org/svg.select.js/-/svg.select.js-3.0.1.tgz",
      "integrity": "sha512-h5IS/hKkuVCbKSieR9uQCj9w+zLHoPh+ce19bBYyqF53g6mnPB8sAtIbe1s9dh2S2fCmYX2xel1Ln3PJBbK4kw==",
      "requires": {
        "svg.js": "^2.6.5"
      }
    },
    "typescript": {
      "version": "4.6.3",
      "resolved": "https://registry.npmjs.org/typescript/-/typescript-4.6.3.tgz",
      "integrity": "sha512-yNIatDa5iaofVozS/uQJEl3JRWLKKGJKh6Yaiv0GLGSuhpFJe7P3SbHZ8/yjAHRQwKRoA6YZqlfjXWmVzoVSMw==",
      "dev": true
    },
    "vue": {
      "version": "2.7.14",
      "resolved": "https://registry.npmjs.org/vue/-/vue-2.7.14.tgz",
      "integrity": "sha512-b2qkFyOM0kwqWFuQmgd4o+uHGU7T+2z3T+WQp8UBjADfEv2n4FEMffzBmCKNP0IGzOEEfYjvtcC62xaSKeQDrQ==",
      "requires": {
        "@vue/compiler-sfc": "2.7.14",
        "csstype": "^3.1.0"
      }
    },
    "vue-i18n": {
      "version": "8.26.8",
      "resolved": "https://registry.npmjs.org/vue-i18n/-/vue-i18n-8.26.8.tgz",
      "integrity": "sha512-BN2OXolO15AKS95yNF8oOtARibaO6RxyKkAYNV4XpOmL7S4eVZYMIDtyvDv+XGZaiUmBJSH9mdNqzexvGMnK2A=="
    },
    "vue-router": {
      "version": "3.5.3",
      "resolved": "https://registry.npmjs.org/vue-router/-/vue-router-3.5.3.tgz",
      "integrity": "sha512-FUlILrW3DGitS2h+Xaw8aRNvGTwtuaxrRkNSHWTizOfLUie7wuYwezeZ50iflRn8YPV5kxmU2LQuu3nM/b3Zsg=="
    }
  }
}
