{
    "doctrine/annotations": {
        "version": "1.13",
        "recipe": {
            "repo": "github.com/shopware/recipes",
            "branch": "main",
            "version": "1.0",
            "ref": "d7afb8d11ee0e18f644cc77c2df9b372e89cb3a9"
        }
    },
    "enqueue/dbal": {
        "version": "0.10",
        "recipe": {
            "repo": "github.com/shopware/recipes",
            "branch": "main",
            "version": "0.10",
            "ref": "d7afb8d11ee0e18f644cc77c2df9b372e89cb3a9"
        }
    },
    "enqueue/enqueue-bundle": {
        "version": "0.10",
        "recipe": {
            "repo": "github.com/shopware/recipes",
            "branch": "main",
            "version": "0.10",
            "ref": "2600a7adcf04a16d2869d9979609cb782a39c07a"
        }
    },
    "enqueue/redis": {
        "version": "0.10",
        "recipe": {
            "repo": "github.com/shopware/recipes",
            "branch": "main",
            "version": "0.10",
            "ref": "d7afb8d11ee0e18f644cc77c2df9b372e89cb3a9"
        }
    },
    "nyholm/psr7": {
        "version": "1.4",
        "recipe": {
            "repo": "github.com/symfony/recipes",
            "branch": "main",
            "version": "1.0",
            "ref": "0cd4d2d0e7f646fda75f9944f747a56e6ed13d4c"
        },
        "files": [
            "config/packages/nyholm_psr7.yaml"
        ]
    },
    "sensio/framework-extra-bundle": {
        "version": "6.2",
        "recipe": {
            "repo": "github.com/symfony/recipes",
            "branch": "main",
            "version": "5.2",
            "ref": "fb7e19da7f013d0d422fa9bce16f5c510e27609b"
        },
        "files": [
            "config/packages/sensio_framework_extra.yaml"
        ]
    },
    "shopware/administration": {
        "version": "6.4",
        "recipe": {
            "repo": "github.com/shopware/recipes",
            "branch": "main",
            "version": "6.4",
            "ref": "802bbe5aec3e9401d9c3c508b7686590a0d143b9"
        },
        "files": [
            "bin/build-administration.sh",
            "bin/watch-administration.sh"
        ]
    },
    "shopware/core": {
        "version": "6.4",
        "recipe": {
            "repo": "github.com/shopware/recipes",
            "branch": "main",
            "version": "6.4",
            "ref": "6e7a2deae63e9769066774d620009c118c7abb39"
        },
        "files": [
            "bin/.htaccess",
            "bin/build-js.sh",
            "bin/ci",
            "bin/console",
            "bin/functions.sh",
            "config/jwt/.gitignore",
            "config/packages/framework.yaml",
            "config/packages/shopware.yaml",
            "custom/.htaccess",
            "custom/apps/.gitignore",
            "custom/plugins/.gitignore",
            "custom/static-plugins/.gitignore",
            "files/.htaccess",
            "public/.htaccess.dist",
            "public/index.php",
            "public/maintenance.html",
            "var/.htaccess",
            ".htaccess"
        ]
    },
    "shopware/elasticsearch": {
        "version": "6.4",
        "recipe": {
            "repo": "github.com/shopware/recipes",
            "branch": "main",
            "version": "6.4",
            "ref": "fb8938afd48972f686f0a4d38ba0df5bcc813a6e"
        },
        "files": [
            "config/packages/elasticsearch.yaml"
        ]
    },
    "shopware/storefront": {
        "version": "6.4",
        "recipe": {
            "repo": "github.com/shopware/recipes",
            "branch": "main",
            "version": "6.4",
            "ref": "e53246693e38b2376f0e6f34ec8b98e74854c971"
        },
        "files": [
            "bin/build-storefront.sh",
            "bin/watch-storefront.sh"
        ]
    },
    "sroze/messenger-enqueue-transport": {
        "version": "0.4",
        "recipe": {
            "repo": "github.com/shopware/recipes",
            "branch": "main",
            "version": "0.4",
            "ref": "c031acd1b4c40fe33f56e14ae316bd768df3c909"
        }
    },
    "symfony/console": {
        "version": "5.4",
        "recipe": {
            "repo": "github.com/shopware/recipes",
            "branch": "main",
            "version": "5.4",
            "ref": "d7afb8d11ee0e18f644cc77c2df9b372e89cb3a9"
        }
    },
    "symfony/debug-bundle": {
        "version": "5.4",
        "recipe": {
            "repo": "github.com/symfony/recipes",
            "branch": "main",
            "version": "5.3",
            "ref": "5aa8aa48234c8eb6dbdd7b3cd5d791485d2cec4b"
        },
        "files": [
            "config/packages/debug.yaml"
        ]
    },
    "symfony/flex": {
        "version": "2.2",
        "recipe": {
            "repo": "github.com/symfony/recipes",
            "branch": "main",
            "version": "1.0",
            "ref": "146251ae39e06a95be0fe3d13c807bcf3938b172"
        },
        "files": [
            ".env"
        ]
    },
    "symfony/framework-bundle": {
        "version": "5.4",
        "recipe": {
            "repo": "github.com/shopware/recipes",
            "branch": "main",
            "version": "5.4",
            "ref": "b6540f293d416943ca515aaad3c28e458bad2836"
        },
        "files": [
            "config/services.yaml"
        ]
    },
    "symfony/lock": {
        "version": "6.1",
        "recipe": {
            "repo": "github.com/symfony/recipes",
            "branch": "main",
            "version": "5.2",
            "ref": "a1c8800e40ae735206bb14586fdd6c4630a51b8d"
        },
        "files": [
            "config/packages/lock.yaml"
        ]
    },
    "symfony/mailer": {
        "version": "5.4",
        "recipe": {
            "repo": "github.com/symfony/recipes",
            "branch": "main",
            "version": "4.3",
            "ref": "97a61eabb351d7f6cb7702039bcfe07fe9d7e03c"
        },
        "files": [
            "config/packages/mailer.yaml"
        ]
    },
    "symfony/messenger": {
        "version": "5.4",
        "recipe": {
            "repo": "github.com/symfony/recipes",
            "branch": "main",
            "version": "5.4",
            "ref": "dfe610928a5c61619bdfc830cd7fa7f091368023"
        },
        "files": [
            "config/packages/messenger.yaml"
        ]
    },
    "symfony/monolog-bundle": {
        "version": "3.6",
        "recipe": {
            "repo": "github.com/shopware/recipes",
            "branch": "main",
            "version": "3.3",
            "ref": "3a0c7880838a109976a75560b39468a79985e892"
        },
        "files": [
            "config/packages/dev/monolog.yaml",
            "config/packages/prod/deprecations.yaml",
            "config/packages/prod/monolog.yaml",
            "config/packages/test/monolog.yaml"
        ]
    },
    "symfony/routing": {
        "version": "5.4",
        "recipe": {
            "repo": "github.com/shopware/recipes",
            "branch": "main",
            "version": "5.4",
            "ref": "d7afb8d11ee0e18f644cc77c2df9b372e89cb3a9"
        }
    },
    "symfony/translation": {
        "version": "5.4",
        "recipe": {
            "repo": "github.com/shopware/recipes",
            "branch": "main",
            "version": "5.4",
            "ref": "d7afb8d11ee0e18f644cc77c2df9b372e89cb3a9"
        }
    },
    "symfony/twig-bundle": {
        "version": "5.4",
        "recipe": {
            "repo": "github.com/shopware/recipes",
            "branch": "main",
            "version": "5.4",
            "ref": "99277800a8f532fc369df7148804ed3d257c69c0"
        }
    },
    "symfony/validator": {
        "version": "5.4",
        "recipe": {
            "repo": "github.com/symfony/recipes",
            "branch": "main",
            "version": "5.3",
            "ref": "c32cfd98f714894c4f128bb99aa2530c1227603c"
        },
        "files": [
            "config/packages/validator.yaml"
        ]
    }
}
