{
  "name": "@shopware/webpack-plugin-injector",
  "version": "1.0.0",
  "lockfileVersion": 1,
  "requires": true,
  "dependencies": {
    "app-module-path": {
      "version": "2.2.0",
      "resolved": "https://registry.npmjs.org/app-module-path/-/app-module-path-2.2.0.tgz",
      "integrity": "sha1-ZBqlXft9am8KgUHEucCqULbCTdU="
    },
    "app-module-path-node": {
      "version": "0.1.0",
      "resolved": "https://registry.npmjs.org/app-module-path-node/-/app-module-path-node-0.1.0.tgz",
      "integrity": "sha1-XbWds954vsiF8HTm4/VRtWs4oYg="
    },
    "lodash": {
      "version": "4.17.11",
      "resolved": "https://registry.npmjs.org/lodash/-/lodash-4.17.11.tgz",
      "integrity": "sha512-cQKh8igo5QUhZ7lg38DYWAxMvjSAKG0A8wGSVimP07SIUEK2UO+arSRKbRZWtelMtN5V0Hkwh5ryOto/SshYIg=="
    },
    "webpack-merge": {
      "version": "4.2.1",
      "resolved": "https://registry.npmjs.org/webpack-merge/-/webpack-merge-4.2.1.tgz",
      "integrity": "sha512-4p8WQyS98bUJcCvFMbdGZyZmsKuWjWVnVHnAS3FFg0HDaRVrPbkivx2RYCre8UiemD67RsiFFLfn4JhLAin8Vw==",
      "requires": {
        "lodash": "^4.17.5"
      }
    }
  }
}
